{
  "name": "components",
  "lockfileVersion": 3,
  "requires": true,
  "packages": {
    "": {
      "dependencies": {
        "lit": "^3.0.0-pre.0"
      }
    },
    "node_modules/@lit-labs/ssr-dom-shim": {
      "version": "1.1.2-pre.0",
      "resolved": "https://registry.npmjs.org/@lit-labs/ssr-dom-shim/-/ssr-dom-shim-1.1.2-pre.0.tgz",
      "integrity": "sha512-3FSKQV90k20guBluMFzd9paVuzZTxeL1vDuqNc8SbwpiCmZkY7CJH7HH4HVD35D4hU8d8JTKKL51eXRWzXBZXQ=="
    },
    "node_modules/@lit/reactive-element": {
      "version": "2.0.0-pre.0",
      "resolved": "https://registry.npmjs.org/@lit/reactive-element/-/reactive-element-2.0.0-pre.0.tgz",
      "integrity": "sha512-Buhl2svhltEDA+4hkVaABgmpCWpBcMiU1emOisA/izBXkAxh69Qgqrb7aZajBijex9pvFI7HK4SrM+/IDT0YFQ==",
      "dependencies": {
        "@lit-labs/ssr-dom-shim": "^1.1.2-pre.0"
      }
    },
    "node_modules/@types/trusted-types": {
      "version": "2.0.3",
      "resolved": "https://registry.npmjs.org/@types/trusted-types/-/trusted-types-2.0.3.tgz",
      "integrity": "sha512-NfQ4gyz38SL8sDNrSixxU2Os1a5xcdFxipAFxYEuLUlvU2uDwS4NUpsImcf1//SlWItCVMMLiylsxbmNMToV/g=="
    },
    "node_modules/lit": {
      "version": "3.0.0-pre.0",
      "resolved": "https://registry.npmjs.org/lit/-/lit-3.0.0-pre.0.tgz",
      "integrity": "sha512-dW3TR4LhMcc7bE4QYfzC2AWGMzpmUmYLTok537nFcmHHoNO9eARbA7bi5eQmvEtWhySbRQ1SFHSPvp7bTFpcHw==",
      "dependencies": {
        "@lit/reactive-element": "^2.0.0-pre.0",
        "lit-element": "^4.0.0-pre.0",
        "lit-html": "^3.0.0-pre.0"
      }
    },
    "node_modules/lit-element": {
      "version": "4.0.0-pre.0",
      "resolved": "https://registry.npmjs.org/lit-element/-/lit-element-4.0.0-pre.0.tgz",
      "integrity": "sha512-+FoW5lK5EBvEqJIK5XWYgl5uW5LpqzxCymLIS1ra9XnDEqIIA4kDlkkhTg2VBBVHAHkCFxCn6KVPr/miFQreMQ==",
      "dependencies": {
        "@lit/reactive-element": "^2.0.0-pre.0",
        "lit-html": "^3.0.0-pre.0"
      }
    },
    "node_modules/lit-html": {
      "version": "3.0.0-pre.0",
      "resolved": "https://registry.npmjs.org/lit-html/-/lit-html-3.0.0-pre.0.tgz",
      "integrity": "sha512-9rpjrE/l0WaJznK2A/IeR7lV0doCeC8HABfK46iE90O/9awaNKsFYB7Rhj3WSe94nJ7WBNOYT3TBPINgUMx3lw==",
      "dependencies": {
        "@types/trusted-types": "^2.0.2"
      }
    }
  }
}
